
Microsoft Visual Studio Solution File, Format Version 12.00
# Visual Studio Version 16
VisualStudioVersion = 16.0.29009.5
MinimumVisualStudioVersion = 10.0.40219.1
Project("{FAE04EC0-301F-11D3-BF4B-00C04F79EFBC}") = "ConsolaCs", "ConsolaCs\ConsolaCs.csproj", "{8684435F-5E2B-4DCF-BA7D-B756736276CA}"
EndProject
Project("{FAE04EC0-301F-11D3-BF4B-00C04F79EFBC}") = "EjemplosPOO", "EjemplosPOO\EjemplosPOO.csproj", "{273AABAB-09E9-4F73-884B-DC2F9495A9A5}"
EndProject
Project("{FAE04EC0-301F-11D3-BF4B-00C04F79EFBC}") = "Array", "Array\Array.csproj", "{FFA2A83E-3A04-4FCD-9B19-C136E88E8626}"
EndProject
Project("{FAE04EC0-301F-11D3-BF4B-00C04F79EFBC}") = "HerenciaCs", "HerenciaCs\HerenciaCs.csproj", "{E7385C36-2428-493F-8B85-AE30BF02AED9}"
EndProject
Project("{FAE04EC0-301F-11D3-BF4B-00C04F79EFBC}") = "Polimorfismo", "Polimorfismo\Polimorfismo.csproj", "{C862BC1E-3FF8-4269-80E8-13EC5905D38E}"
EndProject
Project("{FAE04EC0-301F-11D3-BF4B-00C04F79EFBC}") = "Enum_Struct", "Enum_Struct\Enum_Struct.csproj", "{BC390759-DC6C-4321-BADE-D3440D4FD416}"
EndProject
Project("{FAE04EC0-301F-11D3-BF4B-00C04F79EFBC}") = "Genericos", "Genericos\Genericos.csproj", "{6A3F7853-232F-4640-A8B1-1622D6D0A106}"
EndProject
Project("{FAE04EC0-301F-11D3-BF4B-00C04F79EFBC}") = "LINQ I", "LINQ\LINQ I.csproj", "{8383F8A7-D479-4D5C-B584-6D77E9F9F231}"
EndProject
Project("{FAE04EC0-301F-11D3-BF4B-00C04F79EFBC}") = "Delegados I", "Delegados\Delegados I.csproj", "{7DC8689D-1AD1-46E2-9078-7D7E3EFB16F8}"
EndProject
Project("{FAE04EC0-301F-11D3-BF4B-00C04F79EFBC}") = "Delegados II", "Delegados_I\Delegados II.csproj", "{23E8F5AC-78DA-4042-A8DA-E4C45D29CD7C}"
EndProject
Project("{FAE04EC0-301F-11D3-BF4B-00C04F79EFBC}") = "Serializacion", "Serializacion\Serializacion.csproj", "{A99660FF-926B-4F37-931C-C7111E8C0C8D}"
EndProject
Project("{FAE04EC0-301F-11D3-BF4B-00C04F79EFBC}") = "Serializacion II", "Serializacion ii\Serializacion II.csproj", "{EF67A01D-733C-4003-BF42-26FD049EF1BF}"
EndProject
Project("{FAE04EC0-301F-11D3-BF4B-00C04F79EFBC}") = "Serializacion III", "Serializacion III\Serializacion III.csproj", "{075ADCFE-6EDD-42C4-A724-28B573E60F3F}"
EndProject
Project("{FAE04EC0-301F-11D3-BF4B-00C04F79EFBC}") = "Metodos Anonimos", "Metodos Anonimos\Metodos Anonimos.csproj", "{1E6F14E5-57C0-409E-9DDA-188FCC7712EA}"
EndProject
Project("{FAE04EC0-301F-11D3-BF4B-00C04F79EFBC}") = "Lambda", "Lambda\Lambda.csproj", "{56B248E7-78DA-4919-97CF-8564687C5080}"
EndProject
Project("{FAE04EC0-301F-11D3-BF4B-00C04F79EFBC}") = "Predicados", "Predicados\Predicados.csproj", "{E7EAA018-E84B-4F29-B451-D5662519710E}"
EndProject
Project("{FAE04EC0-301F-11D3-BF4B-00C04F79EFBC}") = "Eventos", "Eventos\Eventos.csproj", "{1893D4C3-BF24-40DE-A007-8F473DA39B86}"
EndProject
Project("{FAE04EC0-301F-11D3-BF4B-00C04F79EFBC}") = "Eventos II", "Eventos II\Eventos II.csproj", "{6328F408-B8D3-4F84-B542-0C0E69966D45}"
EndProject
Project("{2150E333-8FDC-42A3-9474-1A3956D46DE8}") = "Solution Items", "Solution Items", "{2AD0A8D2-03C1-4095-99B7-A9023D057BC2}"
	ProjectSection(SolutionItems) = preProject
		Acceder  a un elemento desde otro hilo.txt = Acceder  a un elemento desde otro hilo.txt
		Clases.txt = Clases.txt
	EndProjectSection
EndProject
Project("{FAE04EC0-301F-11D3-BF4B-00C04F79EFBC}") = "Task", "Task\Task.csproj", "{DFF2717B-A25E-40ED-AADA-5CB793E050AF}"
EndProject
Project("{FAE04EC0-301F-11D3-BF4B-00C04F79EFBC}") = "IEnumerable", "IEnumerable\IEnumerable.csproj", "{27FAEA21-B374-4C26-B6FF-C7E6FB6D02ED}"
EndProject
Project("{FAE04EC0-301F-11D3-BF4B-00C04F79EFBC}") = "IEnumerable II", "IEnumerable II\IEnumerable II.csproj", "{D0F730FC-0F4A-4DCE-BF13-199C6999F9CA}"
EndProject
Project("{FAE04EC0-301F-11D3-BF4B-00C04F79EFBC}") = "ExpresionesRegulares", "ExpresionesRegulares\ExpresionesRegulares.csproj", "{36D05239-ED90-4A6A-ADBF-1671931BC3B7}"
EndProject
Project("{FAE04EC0-301F-11D3-BF4B-00C04F79EFBC}") = "Async_Await", "Async_Await\Async_Await.csproj", "{6B218843-413B-43E6-B592-718CC3A50ACC}"
EndProject
Project("{FAE04EC0-301F-11D3-BF4B-00C04F79EFBC}") = "Delegados III", "Delegados III\Delegados III.csproj", "{49C12D87-159E-423F-8FDB-BEDF63BA9071}"
EndProject
Project("{FAE04EC0-301F-11D3-BF4B-00C04F79EFBC}") = "Cifrado RSA-PKCS1-KEYEX", "CIFRADO RSA-PKCS1-KEYEX\Cifrado RSA-PKCS1-KEYEX.csproj", "{5A022244-4AFA-4F84-84CA-75ADA39DFF50}"
EndProject
Project("{FAE04EC0-301F-11D3-BF4B-00C04F79EFBC}") = "Cifrado_FirmaSHA1_RSA", "Cifrado_FirmaSHA1_RSA\Cifrado_FirmaSHA1_RSA.csproj", "{77FBEC8C-952F-4244-8BB1-735565DD4837}"
EndProject
Project("{FAE04EC0-301F-11D3-BF4B-00C04F79EFBC}") = "Enum", "Enum\Enum.csproj", "{EAE7043E-F956-4CCA-A76B-E219D7E09F97}"
EndProject
Project("{FAE04EC0-301F-11D3-BF4B-00C04F79EFBC}") = "Excepciones", "Excepciones\Excepciones.csproj", "{E339BF8A-EF32-4B74-9285-00F0829E7020}"
EndProject
Project("{FAE04EC0-301F-11D3-BF4B-00C04F79EFBC}") = "CSV_XML", "CSV_XML\CSV_XML.csproj", "{BBCB07CE-CCE8-4F8D-888B-2FA27D581B39}"
EndProject
Project("{FAE04EC0-301F-11D3-BF4B-00C04F79EFBC}") = "Tupla", "Tupla\Tupla.csproj", "{A6E376DB-AEB7-405D-B70F-E6F683132191}"
EndProject
Project("{FAE04EC0-301F-11D3-BF4B-00C04F79EFBC}") = "CreateDirectory", "CreateDirectory\CreateDirectory.csproj", "{DDF4B004-DFC8-412B-9E64-87A6BA0B773E}"
EndProject
Project("{FAE04EC0-301F-11D3-BF4B-00C04F79EFBC}") = "XML Leer", "XML Leer\XML Leer.csproj", "{72B582D1-BEE4-445A-8B95-A104BB3C9498}"
EndProject
Project("{FAE04EC0-301F-11D3-BF4B-00C04F79EFBC}") = "XML_Escribir", "XML_Escribir\XML_Escribir.csproj", "{80E189FC-27B3-4434-A28D-FE236965B0F0}"
EndProject
Project("{FAE04EC0-301F-11D3-BF4B-00C04F79EFBC}") = "AtributosClaseDatos", "AtributosClaseDatos\AtributosClaseDatos.csproj", "{A733D264-00BB-44D2-B152-9E2602FEAF45}"
EndProject
Project("{FAE04EC0-301F-11D3-BF4B-00C04F79EFBC}") = "Enumerable", "Enumerable\Enumerable.csproj", "{13A20850-A005-4A2D-866D-59B3B508151B}"
EndProject
Project("{9A19103F-16F7-4668-BE54-9A1E7A4F7556}") = "AspNetCore3 SWAGGER", "InyeccionDependencia\AspNetCore3 SWAGGER.csproj", "{A60C5E79-C108-4D20-A8F9-2EFBC0CA0DCA}"
EndProject
Project("{9A19103F-16F7-4668-BE54-9A1E7A4F7556}") = "YieldReturn", "YieldReturn\YieldReturn.csproj", "{45DF481D-B2F5-4B97-9631-4E5084B49A0D}"
EndProject
Project("{9A19103F-16F7-4668-BE54-9A1E7A4F7556}") = "OperatorOverload", "OperatorOverload\OperatorOverload.csproj", "{6B7CC706-C4DC-4838-A417-3C1FD44F08F9}"
EndProject
Project("{FAE04EC0-301F-11D3-BF4B-00C04F79EFBC}") = "Reflexion", "Reflexion\Reflexion.csproj", "{A30052C5-28C6-48DE-B87F-18956B95651E}"
EndProject
Project("{9A19103F-16F7-4668-BE54-9A1E7A4F7556}") = "Variables Primitivas Limites", "Variables Primitivas Limites\Variables Primitivas Limites.csproj", "{06C84700-2810-4014-AB8F-8A2128E6F017}"
EndProject
Project("{9A19103F-16F7-4668-BE54-9A1E7A4F7556}") = "ConvertirDataTableDesdeHtml", "ConvertirDataTableDesdeHtml\ConvertirDataTableDesdeHtml.csproj", "{2AB584B0-B8BB-43B1-B8F4-81035B34408C}"
EndProject
Project("{9A19103F-16F7-4668-BE54-9A1E7A4F7556}") = "UtilidadesCSharp", "UtilidadesCSharp\UtilidadesCSharp.csproj", "{DA342ABD-FDBB-4E60-8F67-78D01CAFC61E}"
EndProject
Project("{2150E333-8FDC-42A3-9474-1A3956D46DE8}") = "Arquitectura y patrones de diseño", "Arquitectura y patrones de diseño", "{6076EAF1-B3B5-453C-91A6-718B3833F192}"
	ProjectSection(SolutionItems) = preProject
		Arquitectura de software.txt = Arquitectura de software.txt
		Metodología E para diseñar patrones.txt = Metodología E para diseñar patrones.txt
		PatronComboHijo.txt = PatronComboHijo.txt
	EndProjectSection
EndProject
Project("{FAE04EC0-301F-11D3-BF4B-00C04F79EFBC}") = "Metodo de extension", "Metodo de Extension\Metodo de extension.csproj", "{C1BB60AF-B1E1-4827-828A-8FBC5C95B256}"
EndProject
Project("{9A19103F-16F7-4668-BE54-9A1E7A4F7556}") = "Mis Metodos de Extension II", "Mis Metodos de Extension II\Mis Metodos de Extension II.csproj", "{C6149738-37FD-4DC9-A9AB-48031B50B336}"
EndProject
Project("{9A19103F-16F7-4668-BE54-9A1E7A4F7556}") = "Algoritmo Burbuja", "Mis Algoritmos\Algoritmo Burbuja.csproj", "{C2CDC77A-5B5F-44BB-847D-C7E492EA2393}"
EndProject
Project("{9A19103F-16F7-4668-BE54-9A1E7A4F7556}") = "Formatos", "Formatos\Formatos.csproj", "{C6E842F7-C54F-4BBE-AD16-08A1ED2ED35B}"
EndProject
Project("{9A19103F-16F7-4668-BE54-9A1E7A4F7556}") = "Patron Compuesto", "Patron Composite\Patron Compuesto.csproj", "{2462FCF4-0B09-428B-BFCB-B64536912C3B}"
EndProject
Project("{9A19103F-16F7-4668-BE54-9A1E7A4F7556}") = "Algoritmo Floyd Tortuga y Liebre", "Algoritmo Floyd Tortuga y Liebre\Algoritmo Floyd Tortuga y Liebre.csproj", "{E8644649-4055-42EF-A447-074E194902F4}"
EndProject
Project("{9A19103F-16F7-4668-BE54-9A1E7A4F7556}") = "Patron Estrategia", "Patron Estrategia\Patron Estrategia.csproj", "{7355BBF5-FFEB-4D3B-AC41-1FF3C1ACE997}"
EndProject
Project("{9A19103F-16F7-4668-BE54-9A1E7A4F7556}") = "Patron Decorador", "Patron Decorador\Patron Decorador.csproj", "{34E05C21-9BC9-4A49-8FBF-C5EC0B531339}"
EndProject
Project("{9A19103F-16F7-4668-BE54-9A1E7A4F7556}") = "Atributos", "Atributos\Atributos.csproj", "{4D8ADB34-5571-401F-BC1A-966DECF7B275}"
EndProject
Project("{9A19103F-16F7-4668-BE54-9A1E7A4F7556}") = "Atributos-Assemblies", "Atributos-Assemblies\Atributos-Assemblies.csproj", "{4F4BB8A3-81EC-4666-AD69-66CA01C97058}"
EndProject
Project("{9A19103F-16F7-4668-BE54-9A1E7A4F7556}") = "Laboratorio Thread Safe con Singleton", "Laboratorio Thread Safe con Singleton\Laboratorio Thread Safe con Singleton.csproj", "{498523EC-D1E2-4687-9D3C-07CDA03EDF41}"
EndProject
Project("{9A19103F-16F7-4668-BE54-9A1E7A4F7556}") = "Patron Singleton", "Patron Singleton\Patron Singleton.csproj", "{A2CA589F-55F4-48A6-A553-EC87DD07BE9F}"
EndProject
Project("{FAE04EC0-301F-11D3-BF4B-00C04F79EFBC}") = "Delegados IV", "Delegados IV\Delegados IV.csproj", "{8078CBE8-46AD-4041-81AD-2B054DF3BAFA}"
EndProject
Global
	GlobalSection(SolutionConfigurationPlatforms) = preSolution
		Debug|Any CPU = Debug|Any CPU
		Release|Any CPU = Release|Any CPU
	EndGlobalSection
	GlobalSection(ProjectConfigurationPlatforms) = postSolution
		{8684435F-5E2B-4DCF-BA7D-B756736276CA}.Debug|Any CPU.ActiveCfg = Debug|Any CPU
		{8684435F-5E2B-4DCF-BA7D-B756736276CA}.Debug|Any CPU.Build.0 = Debug|Any CPU
		{8684435F-5E2B-4DCF-BA7D-B756736276CA}.Release|Any CPU.ActiveCfg = Release|Any CPU
		{8684435F-5E2B-4DCF-BA7D-B756736276CA}.Release|Any CPU.Build.0 = Release|Any CPU
		{273AABAB-09E9-4F73-884B-DC2F9495A9A5}.Debug|Any CPU.ActiveCfg = Debug|Any CPU
		{273AABAB-09E9-4F73-884B-DC2F9495A9A5}.Debug|Any CPU.Build.0 = Debug|Any CPU
		{273AABAB-09E9-4F73-884B-DC2F9495A9A5}.Release|Any CPU.ActiveCfg = Release|Any CPU
		{273AABAB-09E9-4F73-884B-DC2F9495A9A5}.Release|Any CPU.Build.0 = Release|Any CPU
		{FFA2A83E-3A04-4FCD-9B19-C136E88E8626}.Debug|Any CPU.ActiveCfg = Debug|Any CPU
		{FFA2A83E-3A04-4FCD-9B19-C136E88E8626}.Debug|Any CPU.Build.0 = Debug|Any CPU
		{FFA2A83E-3A04-4FCD-9B19-C136E88E8626}.Release|Any CPU.ActiveCfg = Release|Any CPU
		{FFA2A83E-3A04-4FCD-9B19-C136E88E8626}.Release|Any CPU.Build.0 = Release|Any CPU
		{E7385C36-2428-493F-8B85-AE30BF02AED9}.Debug|Any CPU.ActiveCfg = Debug|Any CPU
		{E7385C36-2428-493F-8B85-AE30BF02AED9}.Debug|Any CPU.Build.0 = Debug|Any CPU
		{E7385C36-2428-493F-8B85-AE30BF02AED9}.Release|Any CPU.ActiveCfg = Release|Any CPU
		{E7385C36-2428-493F-8B85-AE30BF02AED9}.Release|Any CPU.Build.0 = Release|Any CPU
		{C862BC1E-3FF8-4269-80E8-13EC5905D38E}.Debug|Any CPU.ActiveCfg = Debug|Any CPU
		{C862BC1E-3FF8-4269-80E8-13EC5905D38E}.Debug|Any CPU.Build.0 = Debug|Any CPU
		{C862BC1E-3FF8-4269-80E8-13EC5905D38E}.Release|Any CPU.ActiveCfg = Release|Any CPU
		{C862BC1E-3FF8-4269-80E8-13EC5905D38E}.Release|Any CPU.Build.0 = Release|Any CPU
		{BC390759-DC6C-4321-BADE-D3440D4FD416}.Debug|Any CPU.ActiveCfg = Debug|Any CPU
		{BC390759-DC6C-4321-BADE-D3440D4FD416}.Debug|Any CPU.Build.0 = Debug|Any CPU
		{BC390759-DC6C-4321-BADE-D3440D4FD416}.Release|Any CPU.ActiveCfg = Release|Any CPU
		{BC390759-DC6C-4321-BADE-D3440D4FD416}.Release|Any CPU.Build.0 = Release|Any CPU
		{6A3F7853-232F-4640-A8B1-1622D6D0A106}.Debug|Any CPU.ActiveCfg = Debug|Any CPU
		{6A3F7853-232F-4640-A8B1-1622D6D0A106}.Debug|Any CPU.Build.0 = Debug|Any CPU
		{6A3F7853-232F-4640-A8B1-1622D6D0A106}.Release|Any CPU.ActiveCfg = Release|Any CPU
		{6A3F7853-232F-4640-A8B1-1622D6D0A106}.Release|Any CPU.Build.0 = Release|Any CPU
		{8383F8A7-D479-4D5C-B584-6D77E9F9F231}.Debug|Any CPU.ActiveCfg = Debug|Any CPU
		{8383F8A7-D479-4D5C-B584-6D77E9F9F231}.Debug|Any CPU.Build.0 = Debug|Any CPU
		{8383F8A7-D479-4D5C-B584-6D77E9F9F231}.Release|Any CPU.ActiveCfg = Release|Any CPU
		{8383F8A7-D479-4D5C-B584-6D77E9F9F231}.Release|Any CPU.Build.0 = Release|Any CPU
		{7DC8689D-1AD1-46E2-9078-7D7E3EFB16F8}.Debug|Any CPU.ActiveCfg = Debug|Any CPU
		{7DC8689D-1AD1-46E2-9078-7D7E3EFB16F8}.Debug|Any CPU.Build.0 = Debug|Any CPU
		{7DC8689D-1AD1-46E2-9078-7D7E3EFB16F8}.Release|Any CPU.ActiveCfg = Release|Any CPU
		{7DC8689D-1AD1-46E2-9078-7D7E3EFB16F8}.Release|Any CPU.Build.0 = Release|Any CPU
		{23E8F5AC-78DA-4042-A8DA-E4C45D29CD7C}.Debug|Any CPU.ActiveCfg = Debug|Any CPU
		{23E8F5AC-78DA-4042-A8DA-E4C45D29CD7C}.Debug|Any CPU.Build.0 = Debug|Any CPU
		{23E8F5AC-78DA-4042-A8DA-E4C45D29CD7C}.Release|Any CPU.ActiveCfg = Release|Any CPU
		{23E8F5AC-78DA-4042-A8DA-E4C45D29CD7C}.Release|Any CPU.Build.0 = Release|Any CPU
		{A99660FF-926B-4F37-931C-C7111E8C0C8D}.Debug|Any CPU.ActiveCfg = Debug|Any CPU
		{A99660FF-926B-4F37-931C-C7111E8C0C8D}.Debug|Any CPU.Build.0 = Debug|Any CPU
		{A99660FF-926B-4F37-931C-C7111E8C0C8D}.Release|Any CPU.ActiveCfg = Release|Any CPU
		{A99660FF-926B-4F37-931C-C7111E8C0C8D}.Release|Any CPU.Build.0 = Release|Any CPU
		{EF67A01D-733C-4003-BF42-26FD049EF1BF}.Debug|Any CPU.ActiveCfg = Debug|Any CPU
		{EF67A01D-733C-4003-BF42-26FD049EF1BF}.Debug|Any CPU.Build.0 = Debug|Any CPU
		{EF67A01D-733C-4003-BF42-26FD049EF1BF}.Release|Any CPU.ActiveCfg = Release|Any CPU
		{EF67A01D-733C-4003-BF42-26FD049EF1BF}.Release|Any CPU.Build.0 = Release|Any CPU
		{075ADCFE-6EDD-42C4-A724-28B573E60F3F}.Debug|Any CPU.ActiveCfg = Debug|Any CPU
		{075ADCFE-6EDD-42C4-A724-28B573E60F3F}.Debug|Any CPU.Build.0 = Debug|Any CPU
		{075ADCFE-6EDD-42C4-A724-28B573E60F3F}.Release|Any CPU.ActiveCfg = Release|Any CPU
		{075ADCFE-6EDD-42C4-A724-28B573E60F3F}.Release|Any CPU.Build.0 = Release|Any CPU
		{1E6F14E5-57C0-409E-9DDA-188FCC7712EA}.Debug|Any CPU.ActiveCfg = Debug|Any CPU
		{1E6F14E5-57C0-409E-9DDA-188FCC7712EA}.Debug|Any CPU.Build.0 = Debug|Any CPU
		{1E6F14E5-57C0-409E-9DDA-188FCC7712EA}.Release|Any CPU.ActiveCfg = Release|Any CPU
		{1E6F14E5-57C0-409E-9DDA-188FCC7712EA}.Release|Any CPU.Build.0 = Release|Any CPU
		{56B248E7-78DA-4919-97CF-8564687C5080}.Debug|Any CPU.ActiveCfg = Debug|Any CPU
		{56B248E7-78DA-4919-97CF-8564687C5080}.Debug|Any CPU.Build.0 = Debug|Any CPU
		{56B248E7-78DA-4919-97CF-8564687C5080}.Release|Any CPU.ActiveCfg = Release|Any CPU
		{56B248E7-78DA-4919-97CF-8564687C5080}.Release|Any CPU.Build.0 = Release|Any CPU
		{E7EAA018-E84B-4F29-B451-D5662519710E}.Debug|Any CPU.ActiveCfg = Debug|Any CPU
		{E7EAA018-E84B-4F29-B451-D5662519710E}.Debug|Any CPU.Build.0 = Debug|Any CPU
		{E7EAA018-E84B-4F29-B451-D5662519710E}.Release|Any CPU.ActiveCfg = Release|Any CPU
		{E7EAA018-E84B-4F29-B451-D5662519710E}.Release|Any CPU.Build.0 = Release|Any CPU
		{1893D4C3-BF24-40DE-A007-8F473DA39B86}.Debug|Any CPU.ActiveCfg = Debug|Any CPU
		{1893D4C3-BF24-40DE-A007-8F473DA39B86}.Debug|Any CPU.Build.0 = Debug|Any CPU
		{1893D4C3-BF24-40DE-A007-8F473DA39B86}.Release|Any CPU.ActiveCfg = Release|Any CPU
		{1893D4C3-BF24-40DE-A007-8F473DA39B86}.Release|Any CPU.Build.0 = Release|Any CPU
		{6328F408-B8D3-4F84-B542-0C0E69966D45}.Debug|Any CPU.ActiveCfg = Debug|Any CPU
		{6328F408-B8D3-4F84-B542-0C0E69966D45}.Debug|Any CPU.Build.0 = Debug|Any CPU
		{6328F408-B8D3-4F84-B542-0C0E69966D45}.Release|Any CPU.ActiveCfg = Release|Any CPU
		{6328F408-B8D3-4F84-B542-0C0E69966D45}.Release|Any CPU.Build.0 = Release|Any CPU
		{DFF2717B-A25E-40ED-AADA-5CB793E050AF}.Debug|Any CPU.ActiveCfg = Debug|Any CPU
		{DFF2717B-A25E-40ED-AADA-5CB793E050AF}.Debug|Any CPU.Build.0 = Debug|Any CPU
		{DFF2717B-A25E-40ED-AADA-5CB793E050AF}.Release|Any CPU.ActiveCfg = Release|Any CPU
		{DFF2717B-A25E-40ED-AADA-5CB793E050AF}.Release|Any CPU.Build.0 = Release|Any CPU
		{27FAEA21-B374-4C26-B6FF-C7E6FB6D02ED}.Debug|Any CPU.ActiveCfg = Debug|Any CPU
		{27FAEA21-B374-4C26-B6FF-C7E6FB6D02ED}.Debug|Any CPU.Build.0 = Debug|Any CPU
		{27FAEA21-B374-4C26-B6FF-C7E6FB6D02ED}.Release|Any CPU.ActiveCfg = Release|Any CPU
		{27FAEA21-B374-4C26-B6FF-C7E6FB6D02ED}.Release|Any CPU.Build.0 = Release|Any CPU
		{D0F730FC-0F4A-4DCE-BF13-199C6999F9CA}.Debug|Any CPU.ActiveCfg = Debug|Any CPU
		{D0F730FC-0F4A-4DCE-BF13-199C6999F9CA}.Debug|Any CPU.Build.0 = Debug|Any CPU
		{D0F730FC-0F4A-4DCE-BF13-199C6999F9CA}.Release|Any CPU.ActiveCfg = Release|Any CPU
		{D0F730FC-0F4A-4DCE-BF13-199C6999F9CA}.Release|Any CPU.Build.0 = Release|Any CPU
		{36D05239-ED90-4A6A-ADBF-1671931BC3B7}.Debug|Any CPU.ActiveCfg = Debug|Any CPU
		{36D05239-ED90-4A6A-ADBF-1671931BC3B7}.Debug|Any CPU.Build.0 = Debug|Any CPU
		{36D05239-ED90-4A6A-ADBF-1671931BC3B7}.Release|Any CPU.ActiveCfg = Release|Any CPU
		{36D05239-ED90-4A6A-ADBF-1671931BC3B7}.Release|Any CPU.Build.0 = Release|Any CPU
		{6B218843-413B-43E6-B592-718CC3A50ACC}.Debug|Any CPU.ActiveCfg = Debug|Any CPU
		{6B218843-413B-43E6-B592-718CC3A50ACC}.Debug|Any CPU.Build.0 = Debug|Any CPU
		{6B218843-413B-43E6-B592-718CC3A50ACC}.Release|Any CPU.ActiveCfg = Release|Any CPU
		{6B218843-413B-43E6-B592-718CC3A50ACC}.Release|Any CPU.Build.0 = Release|Any CPU
		{49C12D87-159E-423F-8FDB-BEDF63BA9071}.Debug|Any CPU.ActiveCfg = Debug|Any CPU
		{49C12D87-159E-423F-8FDB-BEDF63BA9071}.Debug|Any CPU.Build.0 = Debug|Any CPU
		{49C12D87-159E-423F-8FDB-BEDF63BA9071}.Release|Any CPU.ActiveCfg = Release|Any CPU
		{49C12D87-159E-423F-8FDB-BEDF63BA9071}.Release|Any CPU.Build.0 = Release|Any CPU
		{5A022244-4AFA-4F84-84CA-75ADA39DFF50}.Debug|Any CPU.ActiveCfg = Debug|Any CPU
		{5A022244-4AFA-4F84-84CA-75ADA39DFF50}.Debug|Any CPU.Build.0 = Debug|Any CPU
		{5A022244-4AFA-4F84-84CA-75ADA39DFF50}.Release|Any CPU.ActiveCfg = Release|Any CPU
		{5A022244-4AFA-4F84-84CA-75ADA39DFF50}.Release|Any CPU.Build.0 = Release|Any CPU
		{77FBEC8C-952F-4244-8BB1-735565DD4837}.Debug|Any CPU.ActiveCfg = Debug|Any CPU
		{77FBEC8C-952F-4244-8BB1-735565DD4837}.Debug|Any CPU.Build.0 = Debug|Any CPU
		{77FBEC8C-952F-4244-8BB1-735565DD4837}.Release|Any CPU.ActiveCfg = Release|Any CPU
		{77FBEC8C-952F-4244-8BB1-735565DD4837}.Release|Any CPU.Build.0 = Release|Any CPU
		{EAE7043E-F956-4CCA-A76B-E219D7E09F97}.Debug|Any CPU.ActiveCfg = Debug|Any CPU
		{EAE7043E-F956-4CCA-A76B-E219D7E09F97}.Debug|Any CPU.Build.0 = Debug|Any CPU
		{EAE7043E-F956-4CCA-A76B-E219D7E09F97}.Release|Any CPU.ActiveCfg = Release|Any CPU
		{EAE7043E-F956-4CCA-A76B-E219D7E09F97}.Release|Any CPU.Build.0 = Release|Any CPU
		{E339BF8A-EF32-4B74-9285-00F0829E7020}.Debug|Any CPU.ActiveCfg = Debug|Any CPU
		{E339BF8A-EF32-4B74-9285-00F0829E7020}.Debug|Any CPU.Build.0 = Debug|Any CPU
		{E339BF8A-EF32-4B74-9285-00F0829E7020}.Release|Any CPU.ActiveCfg = Release|Any CPU
		{E339BF8A-EF32-4B74-9285-00F0829E7020}.Release|Any CPU.Build.0 = Release|Any CPU
		{BBCB07CE-CCE8-4F8D-888B-2FA27D581B39}.Debug|Any CPU.ActiveCfg = Debug|Any CPU
		{BBCB07CE-CCE8-4F8D-888B-2FA27D581B39}.Debug|Any CPU.Build.0 = Debug|Any CPU
		{BBCB07CE-CCE8-4F8D-888B-2FA27D581B39}.Release|Any CPU.ActiveCfg = Release|Any CPU
		{BBCB07CE-CCE8-4F8D-888B-2FA27D581B39}.Release|Any CPU.Build.0 = Release|Any CPU
		{A6E376DB-AEB7-405D-B70F-E6F683132191}.Debug|Any CPU.ActiveCfg = Debug|Any CPU
		{A6E376DB-AEB7-405D-B70F-E6F683132191}.Debug|Any CPU.Build.0 = Debug|Any CPU
		{A6E376DB-AEB7-405D-B70F-E6F683132191}.Release|Any CPU.ActiveCfg = Release|Any CPU
		{A6E376DB-AEB7-405D-B70F-E6F683132191}.Release|Any CPU.Build.0 = Release|Any CPU
		{DDF4B004-DFC8-412B-9E64-87A6BA0B773E}.Debug|Any CPU.ActiveCfg = Debug|Any CPU
		{DDF4B004-DFC8-412B-9E64-87A6BA0B773E}.Debug|Any CPU.Build.0 = Debug|Any CPU
		{DDF4B004-DFC8-412B-9E64-87A6BA0B773E}.Release|Any CPU.ActiveCfg = Release|Any CPU
		{DDF4B004-DFC8-412B-9E64-87A6BA0B773E}.Release|Any CPU.Build.0 = Release|Any CPU
		{72B582D1-BEE4-445A-8B95-A104BB3C9498}.Debug|Any CPU.ActiveCfg = Debug|Any CPU
		{72B582D1-BEE4-445A-8B95-A104BB3C9498}.Debug|Any CPU.Build.0 = Debug|Any CPU
		{72B582D1-BEE4-445A-8B95-A104BB3C9498}.Release|Any CPU.ActiveCfg = Release|Any CPU
		{72B582D1-BEE4-445A-8B95-A104BB3C9498}.Release|Any CPU.Build.0 = Release|Any CPU
		{80E189FC-27B3-4434-A28D-FE236965B0F0}.Debug|Any CPU.ActiveCfg = Debug|Any CPU
		{80E189FC-27B3-4434-A28D-FE236965B0F0}.Debug|Any CPU.Build.0 = Debug|Any CPU
		{80E189FC-27B3-4434-A28D-FE236965B0F0}.Release|Any CPU.ActiveCfg = Release|Any CPU
		{80E189FC-27B3-4434-A28D-FE236965B0F0}.Release|Any CPU.Build.0 = Release|Any CPU
		{A733D264-00BB-44D2-B152-9E2602FEAF45}.Debug|Any CPU.ActiveCfg = Debug|Any CPU
		{A733D264-00BB-44D2-B152-9E2602FEAF45}.Debug|Any CPU.Build.0 = Debug|Any CPU
		{A733D264-00BB-44D2-B152-9E2602FEAF45}.Release|Any CPU.ActiveCfg = Release|Any CPU
		{A733D264-00BB-44D2-B152-9E2602FEAF45}.Release|Any CPU.Build.0 = Release|Any CPU
		{13A20850-A005-4A2D-866D-59B3B508151B}.Debug|Any CPU.ActiveCfg = Debug|Any CPU
		{13A20850-A005-4A2D-866D-59B3B508151B}.Debug|Any CPU.Build.0 = Debug|Any CPU
		{13A20850-A005-4A2D-866D-59B3B508151B}.Release|Any CPU.ActiveCfg = Release|Any CPU
		{13A20850-A005-4A2D-866D-59B3B508151B}.Release|Any CPU.Build.0 = Release|Any CPU
		{A60C5E79-C108-4D20-A8F9-2EFBC0CA0DCA}.Debug|Any CPU.ActiveCfg = Debug|Any CPU
		{A60C5E79-C108-4D20-A8F9-2EFBC0CA0DCA}.Debug|Any CPU.Build.0 = Debug|Any CPU
		{A60C5E79-C108-4D20-A8F9-2EFBC0CA0DCA}.Release|Any CPU.ActiveCfg = Release|Any CPU
		{A60C5E79-C108-4D20-A8F9-2EFBC0CA0DCA}.Release|Any CPU.Build.0 = Release|Any CPU
		{45DF481D-B2F5-4B97-9631-4E5084B49A0D}.Debug|Any CPU.ActiveCfg = Debug|Any CPU
		{45DF481D-B2F5-4B97-9631-4E5084B49A0D}.Debug|Any CPU.Build.0 = Debug|Any CPU
		{45DF481D-B2F5-4B97-9631-4E5084B49A0D}.Release|Any CPU.ActiveCfg = Release|Any CPU
		{45DF481D-B2F5-4B97-9631-4E5084B49A0D}.Release|Any CPU.Build.0 = Release|Any CPU
		{6B7CC706-C4DC-4838-A417-3C1FD44F08F9}.Debug|Any CPU.ActiveCfg = Debug|Any CPU
		{6B7CC706-C4DC-4838-A417-3C1FD44F08F9}.Debug|Any CPU.Build.0 = Debug|Any CPU
		{6B7CC706-C4DC-4838-A417-3C1FD44F08F9}.Release|Any CPU.ActiveCfg = Release|Any CPU
		{6B7CC706-C4DC-4838-A417-3C1FD44F08F9}.Release|Any CPU.Build.0 = Release|Any CPU
		{A30052C5-28C6-48DE-B87F-18956B95651E}.Debug|Any CPU.ActiveCfg = Debug|Any CPU
		{A30052C5-28C6-48DE-B87F-18956B95651E}.Debug|Any CPU.Build.0 = Debug|Any CPU
		{A30052C5-28C6-48DE-B87F-18956B95651E}.Release|Any CPU.ActiveCfg = Release|Any CPU
		{A30052C5-28C6-48DE-B87F-18956B95651E}.Release|Any CPU.Build.0 = Release|Any CPU
		{06C84700-2810-4014-AB8F-8A2128E6F017}.Debug|Any CPU.ActiveCfg = Debug|Any CPU
		{06C84700-2810-4014-AB8F-8A2128E6F017}.Debug|Any CPU.Build.0 = Debug|Any CPU
		{06C84700-2810-4014-AB8F-8A2128E6F017}.Release|Any CPU.ActiveCfg = Release|Any CPU
		{06C84700-2810-4014-AB8F-8A2128E6F017}.Release|Any CPU.Build.0 = Release|Any CPU
		{2AB584B0-B8BB-43B1-B8F4-81035B34408C}.Debug|Any CPU.ActiveCfg = Debug|Any CPU
		{2AB584B0-B8BB-43B1-B8F4-81035B34408C}.Debug|Any CPU.Build.0 = Debug|Any CPU
		{2AB584B0-B8BB-43B1-B8F4-81035B34408C}.Release|Any CPU.ActiveCfg = Release|Any CPU
		{2AB584B0-B8BB-43B1-B8F4-81035B34408C}.Release|Any CPU.Build.0 = Release|Any CPU
		{DA342ABD-FDBB-4E60-8F67-78D01CAFC61E}.Debug|Any CPU.ActiveCfg = Debug|Any CPU
		{DA342ABD-FDBB-4E60-8F67-78D01CAFC61E}.Debug|Any CPU.Build.0 = Debug|Any CPU
		{DA342ABD-FDBB-4E60-8F67-78D01CAFC61E}.Release|Any CPU.ActiveCfg = Release|Any CPU
		{DA342ABD-FDBB-4E60-8F67-78D01CAFC61E}.Release|Any CPU.Build.0 = Release|Any CPU
		{C1BB60AF-B1E1-4827-828A-8FBC5C95B256}.Debug|Any CPU.ActiveCfg = Debug|Any CPU
		{C1BB60AF-B1E1-4827-828A-8FBC5C95B256}.Debug|Any CPU.Build.0 = Debug|Any CPU
		{C1BB60AF-B1E1-4827-828A-8FBC5C95B256}.Release|Any CPU.ActiveCfg = Release|Any CPU
		{C1BB60AF-B1E1-4827-828A-8FBC5C95B256}.Release|Any CPU.Build.0 = Release|Any CPU
		{C6149738-37FD-4DC9-A9AB-48031B50B336}.Debug|Any CPU.ActiveCfg = Debug|Any CPU
		{C6149738-37FD-4DC9-A9AB-48031B50B336}.Debug|Any CPU.Build.0 = Debug|Any CPU
		{C6149738-37FD-4DC9-A9AB-48031B50B336}.Release|Any CPU.ActiveCfg = Release|Any CPU
		{C6149738-37FD-4DC9-A9AB-48031B50B336}.Release|Any CPU.Build.0 = Release|Any CPU
		{C2CDC77A-5B5F-44BB-847D-C7E492EA2393}.Debug|Any CPU.ActiveCfg = Debug|Any CPU
		{C2CDC77A-5B5F-44BB-847D-C7E492EA2393}.Debug|Any CPU.Build.0 = Debug|Any CPU
		{C2CDC77A-5B5F-44BB-847D-C7E492EA2393}.Release|Any CPU.ActiveCfg = Release|Any CPU
		{C2CDC77A-5B5F-44BB-847D-C7E492EA2393}.Release|Any CPU.Build.0 = Release|Any CPU
		{C6E842F7-C54F-4BBE-AD16-08A1ED2ED35B}.Debug|Any CPU.ActiveCfg = Debug|Any CPU
		{C6E842F7-C54F-4BBE-AD16-08A1ED2ED35B}.Debug|Any CPU.Build.0 = Debug|Any CPU
		{C6E842F7-C54F-4BBE-AD16-08A1ED2ED35B}.Release|Any CPU.ActiveCfg = Release|Any CPU
		{C6E842F7-C54F-4BBE-AD16-08A1ED2ED35B}.Release|Any CPU.Build.0 = Release|Any CPU
		{2462FCF4-0B09-428B-BFCB-B64536912C3B}.Debug|Any CPU.ActiveCfg = Debug|Any CPU
		{2462FCF4-0B09-428B-BFCB-B64536912C3B}.Debug|Any CPU.Build.0 = Debug|Any CPU
		{2462FCF4-0B09-428B-BFCB-B64536912C3B}.Release|Any CPU.ActiveCfg = Release|Any CPU
		{2462FCF4-0B09-428B-BFCB-B64536912C3B}.Release|Any CPU.Build.0 = Release|Any CPU
		{E8644649-4055-42EF-A447-074E194902F4}.Debug|Any CPU.ActiveCfg = Debug|Any CPU
		{E8644649-4055-42EF-A447-074E194902F4}.Debug|Any CPU.Build.0 = Debug|Any CPU
		{E8644649-4055-42EF-A447-074E194902F4}.Release|Any CPU.ActiveCfg = Release|Any CPU
		{E8644649-4055-42EF-A447-074E194902F4}.Release|Any CPU.Build.0 = Release|Any CPU
		{7355BBF5-FFEB-4D3B-AC41-1FF3C1ACE997}.Debug|Any CPU.ActiveCfg = Debug|Any CPU
		{7355BBF5-FFEB-4D3B-AC41-1FF3C1ACE997}.Debug|Any CPU.Build.0 = Debug|Any CPU
		{7355BBF5-FFEB-4D3B-AC41-1FF3C1ACE997}.Release|Any CPU.ActiveCfg = Release|Any CPU
		{7355BBF5-FFEB-4D3B-AC41-1FF3C1ACE997}.Release|Any CPU.Build.0 = Release|Any CPU
		{34E05C21-9BC9-4A49-8FBF-C5EC0B531339}.Debug|Any CPU.ActiveCfg = Debug|Any CPU
		{34E05C21-9BC9-4A49-8FBF-C5EC0B531339}.Debug|Any CPU.Build.0 = Debug|Any CPU
		{34E05C21-9BC9-4A49-8FBF-C5EC0B531339}.Release|Any CPU.ActiveCfg = Release|Any CPU
		{34E05C21-9BC9-4A49-8FBF-C5EC0B531339}.Release|Any CPU.Build.0 = Release|Any CPU
		{4D8ADB34-5571-401F-BC1A-966DECF7B275}.Debug|Any CPU.ActiveCfg = Debug|Any CPU
		{4D8ADB34-5571-401F-BC1A-966DECF7B275}.Debug|Any CPU.Build.0 = Debug|Any CPU
		{4D8ADB34-5571-401F-BC1A-966DECF7B275}.Release|Any CPU.ActiveCfg = Release|Any CPU
		{4D8ADB34-5571-401F-BC1A-966DECF7B275}.Release|Any CPU.Build.0 = Release|Any CPU
		{4F4BB8A3-81EC-4666-AD69-66CA01C97058}.Debug|Any CPU.ActiveCfg = Debug|Any CPU
		{4F4BB8A3-81EC-4666-AD69-66CA01C97058}.Debug|Any CPU.Build.0 = Debug|Any CPU
		{4F4BB8A3-81EC-4666-AD69-66CA01C97058}.Release|Any CPU.ActiveCfg = Release|Any CPU
		{4F4BB8A3-81EC-4666-AD69-66CA01C97058}.Release|Any CPU.Build.0 = Release|Any CPU
		{498523EC-D1E2-4687-9D3C-07CDA03EDF41}.Debug|Any CPU.ActiveCfg = Debug|Any CPU
		{498523EC-D1E2-4687-9D3C-07CDA03EDF41}.Debug|Any CPU.Build.0 = Debug|Any CPU
		{498523EC-D1E2-4687-9D3C-07CDA03EDF41}.Release|Any CPU.ActiveCfg = Release|Any CPU
		{498523EC-D1E2-4687-9D3C-07CDA03EDF41}.Release|Any CPU.Build.0 = Release|Any CPU
		{A2CA589F-55F4-48A6-A553-EC87DD07BE9F}.Debug|Any CPU.ActiveCfg = Debug|Any CPU
		{A2CA589F-55F4-48A6-A553-EC87DD07BE9F}.Debug|Any CPU.Build.0 = Debug|Any CPU
		{A2CA589F-55F4-48A6-A553-EC87DD07BE9F}.Release|Any CPU.ActiveCfg = Release|Any CPU
		{A2CA589F-55F4-48A6-A553-EC87DD07BE9F}.Release|Any CPU.Build.0 = Release|Any CPU
		{8078CBE8-46AD-4041-81AD-2B054DF3BAFA}.Debug|Any CPU.ActiveCfg = Debug|Any CPU
		{8078CBE8-46AD-4041-81AD-2B054DF3BAFA}.Debug|Any CPU.Build.0 = Debug|Any CPU
		{8078CBE8-46AD-4041-81AD-2B054DF3BAFA}.Release|Any CPU.ActiveCfg = Release|Any CPU
		{8078CBE8-46AD-4041-81AD-2B054DF3BAFA}.Release|Any CPU.Build.0 = Release|Any CPU
	EndGlobalSection
	GlobalSection(SolutionProperties) = preSolution
		HideSolutionNode = FALSE
	EndGlobalSection
	GlobalSection(ExtensibilityGlobals) = postSolution
		SolutionGuid = {89663E8B-CE03-44E8-8939-EA8DD8180599}
	EndGlobalSection
EndGlobal
