
Microsoft Visual Studio Solution File, Format Version 12.00
# Visual Studio Version 16
VisualStudioVersion = 16.0.29009.5
MinimumVisualStudioVersion = 10.0.40219.1
Project("{FAE04EC0-301F-11D3-BF4B-00C04F79EFBC}") = "ConsolaCs", "ConsolaCs\ConsolaCs.csproj", "{8684435F-5E2B-4DCF-BA7D-B756736276CA}"
EndProject
Project("{FAE04EC0-301F-11D3-BF4B-00C04F79EFBC}") = "EjemplosPOO", "EjemplosPOO\EjemplosPOO.csproj", "{273AABAB-09E9-4F73-884B-DC2F9495A9A5}"
EndProject
Project("{FAE04EC0-301F-11D3-BF4B-00C04F79EFBC}") = "Array", "Array\Array.csproj", "{FFA2A83E-3A04-4FCD-9B19-C136E88E8626}"
EndProject
Project("{FAE04EC0-301F-11D3-BF4B-00C04F79EFBC}") = "HerenciaCs", "HerenciaCs\HerenciaCs.csproj", "{E7385C36-2428-493F-8B85-AE30BF02AED9}"
EndProject
Project("{FAE04EC0-301F-11D3-BF4B-00C04F79EFBC}") = "Polimorfismo", "Polimorfismo\Polimorfismo.csproj", "{C862BC1E-3FF8-4269-80E8-13EC5905D38E}"
EndProject
Project("{FAE04EC0-301F-11D3-BF4B-00C04F79EFBC}") = "Enum_Struct", "Enum_Struct\Enum_Struct.csproj", "{BC390759-DC6C-4321-BADE-D3440D4FD416}"
EndProject
Project("{FAE04EC0-301F-11D3-BF4B-00C04F79EFBC}") = "Genericos", "Genericos\Genericos.csproj", "{6A3F7853-232F-4640-A8B1-1622D6D0A106}"
EndProject
Project("{FAE04EC0-301F-11D3-BF4B-00C04F79EFBC}") = "LINQ I", "LINQ\LINQ I.csproj", "{8383F8A7-D479-4D5C-B584-6D77E9F9F231}"
EndProject
Project("{FAE04EC0-301F-11D3-BF4B-00C04F79EFBC}") = "LINQ II", "LINQ-I\LINQ II.csproj", "{AC504C4D-FB8B-40E0-89CA-05D716300304}"
EndProject
Project("{FAE04EC0-301F-11D3-BF4B-00C04F79EFBC}") = "reflexion", "refelxion\reflexion.csproj", "{A30052C5-28C6-48DE-B87F-18956B95651E}"
EndProject
Project("{FAE04EC0-301F-11D3-BF4B-00C04F79EFBC}") = "Delegados I", "Delegados\Delegados I.csproj", "{7DC8689D-1AD1-46E2-9078-7D7E3EFB16F8}"
EndProject
Project("{FAE04EC0-301F-11D3-BF4B-00C04F79EFBC}") = "Delegados II", "Delegados_I\Delegados II.csproj", "{23E8F5AC-78DA-4042-A8DA-E4C45D29CD7C}"
EndProject
Project("{FAE04EC0-301F-11D3-BF4B-00C04F79EFBC}") = "Serializacion", "Serializacion\Serializacion.csproj", "{A99660FF-926B-4F37-931C-C7111E8C0C8D}"
EndProject
Project("{FAE04EC0-301F-11D3-BF4B-00C04F79EFBC}") = "Serializacion II", "Serializacion ii\Serializacion II.csproj", "{EF67A01D-733C-4003-BF42-26FD049EF1BF}"
EndProject
Project("{FAE04EC0-301F-11D3-BF4B-00C04F79EFBC}") = "Serializacion III", "Serializacion III\Serializacion III.csproj", "{075ADCFE-6EDD-42C4-A724-28B573E60F3F}"
EndProject
Project("{FAE04EC0-301F-11D3-BF4B-00C04F79EFBC}") = "Metodos Anonimos", "Metodos Anonimos\Metodos Anonimos.csproj", "{1E6F14E5-57C0-409E-9DDA-188FCC7712EA}"
EndProject
Project("{FAE04EC0-301F-11D3-BF4B-00C04F79EFBC}") = "Lambda", "Lambda\Lambda.csproj", "{56B248E7-78DA-4919-97CF-8564687C5080}"
EndProject
Project("{FAE04EC0-301F-11D3-BF4B-00C04F79EFBC}") = "Predicados", "Predicados\Predicados.csproj", "{E7EAA018-E84B-4F29-B451-D5662519710E}"
EndProject
Project("{FAE04EC0-301F-11D3-BF4B-00C04F79EFBC}") = "Eventos", "Eventos\Eventos.csproj", "{1893D4C3-BF24-40DE-A007-8F473DA39B86}"
EndProject
Project("{FAE04EC0-301F-11D3-BF4B-00C04F79EFBC}") = "Eventos II", "Eventos II\Eventos II.csproj", "{6328F408-B8D3-4F84-B542-0C0E69966D45}"
EndProject
Project("{2150E333-8FDC-42A3-9474-1A3956D46DE8}") = "Solution Items", "Solution Items", "{2AD0A8D2-03C1-4095-99B7-A9023D057BC2}"
	ProjectSection(SolutionItems) = preProject
		Clases.txt = Clases.txt
	EndProjectSection
EndProject
Project("{FAE04EC0-301F-11D3-BF4B-00C04F79EFBC}") = "Task", "Task\Task.csproj", "{DFF2717B-A25E-40ED-AADA-5CB793E050AF}"
EndProject
Project("{FAE04EC0-301F-11D3-BF4B-00C04F79EFBC}") = "IEnumerable", "IEnumerable\IEnumerable.csproj", "{27FAEA21-B374-4C26-B6FF-C7E6FB6D02ED}"
EndProject
Global
	GlobalSection(SolutionConfigurationPlatforms) = preSolution
		Debug|Any CPU = Debug|Any CPU
		Release|Any CPU = Release|Any CPU
	EndGlobalSection
	GlobalSection(ProjectConfigurationPlatforms) = postSolution
		{8684435F-5E2B-4DCF-BA7D-B756736276CA}.Debug|Any CPU.ActiveCfg = Debug|Any CPU
		{8684435F-5E2B-4DCF-BA7D-B756736276CA}.Debug|Any CPU.Build.0 = Debug|Any CPU
		{8684435F-5E2B-4DCF-BA7D-B756736276CA}.Release|Any CPU.ActiveCfg = Release|Any CPU
		{8684435F-5E2B-4DCF-BA7D-B756736276CA}.Release|Any CPU.Build.0 = Release|Any CPU
		{273AABAB-09E9-4F73-884B-DC2F9495A9A5}.Debug|Any CPU.ActiveCfg = Debug|Any CPU
		{273AABAB-09E9-4F73-884B-DC2F9495A9A5}.Debug|Any CPU.Build.0 = Debug|Any CPU
		{273AABAB-09E9-4F73-884B-DC2F9495A9A5}.Release|Any CPU.ActiveCfg = Release|Any CPU
		{273AABAB-09E9-4F73-884B-DC2F9495A9A5}.Release|Any CPU.Build.0 = Release|Any CPU
		{FFA2A83E-3A04-4FCD-9B19-C136E88E8626}.Debug|Any CPU.ActiveCfg = Debug|Any CPU
		{FFA2A83E-3A04-4FCD-9B19-C136E88E8626}.Debug|Any CPU.Build.0 = Debug|Any CPU
		{FFA2A83E-3A04-4FCD-9B19-C136E88E8626}.Release|Any CPU.ActiveCfg = Release|Any CPU
		{FFA2A83E-3A04-4FCD-9B19-C136E88E8626}.Release|Any CPU.Build.0 = Release|Any CPU
		{E7385C36-2428-493F-8B85-AE30BF02AED9}.Debug|Any CPU.ActiveCfg = Debug|Any CPU
		{E7385C36-2428-493F-8B85-AE30BF02AED9}.Debug|Any CPU.Build.0 = Debug|Any CPU
		{E7385C36-2428-493F-8B85-AE30BF02AED9}.Release|Any CPU.ActiveCfg = Release|Any CPU
		{E7385C36-2428-493F-8B85-AE30BF02AED9}.Release|Any CPU.Build.0 = Release|Any CPU
		{C862BC1E-3FF8-4269-80E8-13EC5905D38E}.Debug|Any CPU.ActiveCfg = Debug|Any CPU
		{C862BC1E-3FF8-4269-80E8-13EC5905D38E}.Debug|Any CPU.Build.0 = Debug|Any CPU
		{C862BC1E-3FF8-4269-80E8-13EC5905D38E}.Release|Any CPU.ActiveCfg = Release|Any CPU
		{C862BC1E-3FF8-4269-80E8-13EC5905D38E}.Release|Any CPU.Build.0 = Release|Any CPU
		{BC390759-DC6C-4321-BADE-D3440D4FD416}.Debug|Any CPU.ActiveCfg = Debug|Any CPU
		{BC390759-DC6C-4321-BADE-D3440D4FD416}.Debug|Any CPU.Build.0 = Debug|Any CPU
		{BC390759-DC6C-4321-BADE-D3440D4FD416}.Release|Any CPU.ActiveCfg = Release|Any CPU
		{BC390759-DC6C-4321-BADE-D3440D4FD416}.Release|Any CPU.Build.0 = Release|Any CPU
		{6A3F7853-232F-4640-A8B1-1622D6D0A106}.Debug|Any CPU.ActiveCfg = Debug|Any CPU
		{6A3F7853-232F-4640-A8B1-1622D6D0A106}.Debug|Any CPU.Build.0 = Debug|Any CPU
		{6A3F7853-232F-4640-A8B1-1622D6D0A106}.Release|Any CPU.ActiveCfg = Release|Any CPU
		{6A3F7853-232F-4640-A8B1-1622D6D0A106}.Release|Any CPU.Build.0 = Release|Any CPU
		{8383F8A7-D479-4D5C-B584-6D77E9F9F231}.Debug|Any CPU.ActiveCfg = Debug|Any CPU
		{8383F8A7-D479-4D5C-B584-6D77E9F9F231}.Debug|Any CPU.Build.0 = Debug|Any CPU
		{8383F8A7-D479-4D5C-B584-6D77E9F9F231}.Release|Any CPU.ActiveCfg = Release|Any CPU
		{8383F8A7-D479-4D5C-B584-6D77E9F9F231}.Release|Any CPU.Build.0 = Release|Any CPU
		{AC504C4D-FB8B-40E0-89CA-05D716300304}.Debug|Any CPU.ActiveCfg = Debug|Any CPU
		{AC504C4D-FB8B-40E0-89CA-05D716300304}.Debug|Any CPU.Build.0 = Debug|Any CPU
		{AC504C4D-FB8B-40E0-89CA-05D716300304}.Release|Any CPU.ActiveCfg = Release|Any CPU
		{AC504C4D-FB8B-40E0-89CA-05D716300304}.Release|Any CPU.Build.0 = Release|Any CPU
		{A30052C5-28C6-48DE-B87F-18956B95651E}.Debug|Any CPU.ActiveCfg = Debug|Any CPU
		{A30052C5-28C6-48DE-B87F-18956B95651E}.Debug|Any CPU.Build.0 = Debug|Any CPU
		{A30052C5-28C6-48DE-B87F-18956B95651E}.Release|Any CPU.ActiveCfg = Release|Any CPU
		{A30052C5-28C6-48DE-B87F-18956B95651E}.Release|Any CPU.Build.0 = Release|Any CPU
		{7DC8689D-1AD1-46E2-9078-7D7E3EFB16F8}.Debug|Any CPU.ActiveCfg = Debug|Any CPU
		{7DC8689D-1AD1-46E2-9078-7D7E3EFB16F8}.Debug|Any CPU.Build.0 = Debug|Any CPU
		{7DC8689D-1AD1-46E2-9078-7D7E3EFB16F8}.Release|Any CPU.ActiveCfg = Release|Any CPU
		{7DC8689D-1AD1-46E2-9078-7D7E3EFB16F8}.Release|Any CPU.Build.0 = Release|Any CPU
		{23E8F5AC-78DA-4042-A8DA-E4C45D29CD7C}.Debug|Any CPU.ActiveCfg = Debug|Any CPU
		{23E8F5AC-78DA-4042-A8DA-E4C45D29CD7C}.Debug|Any CPU.Build.0 = Debug|Any CPU
		{23E8F5AC-78DA-4042-A8DA-E4C45D29CD7C}.Release|Any CPU.ActiveCfg = Release|Any CPU
		{23E8F5AC-78DA-4042-A8DA-E4C45D29CD7C}.Release|Any CPU.Build.0 = Release|Any CPU
		{A99660FF-926B-4F37-931C-C7111E8C0C8D}.Debug|Any CPU.ActiveCfg = Debug|Any CPU
		{A99660FF-926B-4F37-931C-C7111E8C0C8D}.Debug|Any CPU.Build.0 = Debug|Any CPU
		{A99660FF-926B-4F37-931C-C7111E8C0C8D}.Release|Any CPU.ActiveCfg = Release|Any CPU
		{A99660FF-926B-4F37-931C-C7111E8C0C8D}.Release|Any CPU.Build.0 = Release|Any CPU
		{EF67A01D-733C-4003-BF42-26FD049EF1BF}.Debug|Any CPU.ActiveCfg = Debug|Any CPU
		{EF67A01D-733C-4003-BF42-26FD049EF1BF}.Debug|Any CPU.Build.0 = Debug|Any CPU
		{EF67A01D-733C-4003-BF42-26FD049EF1BF}.Release|Any CPU.ActiveCfg = Release|Any CPU
		{EF67A01D-733C-4003-BF42-26FD049EF1BF}.Release|Any CPU.Build.0 = Release|Any CPU
		{075ADCFE-6EDD-42C4-A724-28B573E60F3F}.Debug|Any CPU.ActiveCfg = Debug|Any CPU
		{075ADCFE-6EDD-42C4-A724-28B573E60F3F}.Debug|Any CPU.Build.0 = Debug|Any CPU
		{075ADCFE-6EDD-42C4-A724-28B573E60F3F}.Release|Any CPU.ActiveCfg = Release|Any CPU
		{075ADCFE-6EDD-42C4-A724-28B573E60F3F}.Release|Any CPU.Build.0 = Release|Any CPU
		{1E6F14E5-57C0-409E-9DDA-188FCC7712EA}.Debug|Any CPU.ActiveCfg = Debug|Any CPU
		{1E6F14E5-57C0-409E-9DDA-188FCC7712EA}.Debug|Any CPU.Build.0 = Debug|Any CPU
		{1E6F14E5-57C0-409E-9DDA-188FCC7712EA}.Release|Any CPU.ActiveCfg = Release|Any CPU
		{1E6F14E5-57C0-409E-9DDA-188FCC7712EA}.Release|Any CPU.Build.0 = Release|Any CPU
		{56B248E7-78DA-4919-97CF-8564687C5080}.Debug|Any CPU.ActiveCfg = Debug|Any CPU
		{56B248E7-78DA-4919-97CF-8564687C5080}.Debug|Any CPU.Build.0 = Debug|Any CPU
		{56B248E7-78DA-4919-97CF-8564687C5080}.Release|Any CPU.ActiveCfg = Release|Any CPU
		{56B248E7-78DA-4919-97CF-8564687C5080}.Release|Any CPU.Build.0 = Release|Any CPU
		{E7EAA018-E84B-4F29-B451-D5662519710E}.Debug|Any CPU.ActiveCfg = Debug|Any CPU
		{E7EAA018-E84B-4F29-B451-D5662519710E}.Debug|Any CPU.Build.0 = Debug|Any CPU
		{E7EAA018-E84B-4F29-B451-D5662519710E}.Release|Any CPU.ActiveCfg = Release|Any CPU
		{E7EAA018-E84B-4F29-B451-D5662519710E}.Release|Any CPU.Build.0 = Release|Any CPU
		{1893D4C3-BF24-40DE-A007-8F473DA39B86}.Debug|Any CPU.ActiveCfg = Debug|Any CPU
		{1893D4C3-BF24-40DE-A007-8F473DA39B86}.Debug|Any CPU.Build.0 = Debug|Any CPU
		{1893D4C3-BF24-40DE-A007-8F473DA39B86}.Release|Any CPU.ActiveCfg = Release|Any CPU
		{1893D4C3-BF24-40DE-A007-8F473DA39B86}.Release|Any CPU.Build.0 = Release|Any CPU
		{6328F408-B8D3-4F84-B542-0C0E69966D45}.Debug|Any CPU.ActiveCfg = Debug|Any CPU
		{6328F408-B8D3-4F84-B542-0C0E69966D45}.Debug|Any CPU.Build.0 = Debug|Any CPU
		{6328F408-B8D3-4F84-B542-0C0E69966D45}.Release|Any CPU.ActiveCfg = Release|Any CPU
		{6328F408-B8D3-4F84-B542-0C0E69966D45}.Release|Any CPU.Build.0 = Release|Any CPU
		{DFF2717B-A25E-40ED-AADA-5CB793E050AF}.Debug|Any CPU.ActiveCfg = Debug|Any CPU
		{DFF2717B-A25E-40ED-AADA-5CB793E050AF}.Debug|Any CPU.Build.0 = Debug|Any CPU
		{DFF2717B-A25E-40ED-AADA-5CB793E050AF}.Release|Any CPU.ActiveCfg = Release|Any CPU
		{DFF2717B-A25E-40ED-AADA-5CB793E050AF}.Release|Any CPU.Build.0 = Release|Any CPU
		{27FAEA21-B374-4C26-B6FF-C7E6FB6D02ED}.Debug|Any CPU.ActiveCfg = Debug|Any CPU
		{27FAEA21-B374-4C26-B6FF-C7E6FB6D02ED}.Debug|Any CPU.Build.0 = Debug|Any CPU
		{27FAEA21-B374-4C26-B6FF-C7E6FB6D02ED}.Release|Any CPU.ActiveCfg = Release|Any CPU
		{27FAEA21-B374-4C26-B6FF-C7E6FB6D02ED}.Release|Any CPU.Build.0 = Release|Any CPU
	EndGlobalSection
	GlobalSection(SolutionProperties) = preSolution
		HideSolutionNode = FALSE
	EndGlobalSection
	GlobalSection(ExtensibilityGlobals) = postSolution
		SolutionGuid = {89663E8B-CE03-44E8-8939-EA8DD8180599}
	EndGlobalSection
EndGlobal
